{
  "version": 4,
  "terraform_version": "1.5.5",
  "serial": 19,
  "lineage": "88e1a78b-70b8-3d6e-d887-c810bda64594",
  "outputs": {},
  "resources": [
    {
      "mode": "managed",
      "type": "databricks_job",
      "name": "dev_xiaohan_zhang_BYOD_POC_2010",
      "provider": "provider[\"registry.terraform.io/databricks/databricks\"]",
      "instances": [
        {
          "schema_version": 2,
          "attributes": {
            "always_running": false,
            "compute": [],
            "continuous": [],
            "control_run_state": false,
            "dbt_task": [],
            "email_notifications": [
              {
                "alert_on_last_attempt": false,
                "no_alert_for_skipped_runs": false,
                "on_duration_warning_threshold_exceeded": [
                  "xiaohan.zhang@databricks.com"
                ],
                "on_failure": [
                  "xiaohan.zhang@databricks.com"
                ],
                "on_start": [
                  "xiaohan.zhang@databricks.com"
                ],
                "on_success": [
                  "xiaohan.zhang@databricks.com"
                ]
              }
            ],
            "existing_cluster_id": null,
            "format": "MULTI_TASK",
            "git_source": [],
            "health": [
              {
                "rules": [
                  {
                    "metric": "RUN_DURATION_SECONDS",
                    "op": "GREATER_THAN",
                    "value": 7200
                  }
                ]
              }
            ],
            "id": "82602997377219",
            "job_cluster": [],
            "library": [],
            "max_concurrent_runs": 4,
            "max_retries": 0,
            "min_retry_interval_millis": 0,
            "name": "[dev xiaohan_zhang] BYOD-POC_1350",
            "new_cluster": [],
            "notebook_task": [],
            "notification_settings": [],
            "parameter": [],
            "pipeline_task": [],
            "python_wheel_task": [],
            "queue": [],
            "retry_on_timeout": false,
            "run_as": [],
            "run_job_task": [],
            "schedule": [
              {
                "pause_status": "PAUSED",
                "quartz_cron_expression": "50 0 0 1 * ?",
                "timezone_id": "UTC"
              }
            ],
            "spark_jar_task": [],
            "spark_python_task": [],
            "spark_submit_task": [],
            "tags": {
              "dev": "Xiaohan Zhang"
            },
            "task": [
              {
                "compute_key": "",
                "condition_task": [],
                "dbt_task": [],
                "depends_on": [
                  {
                    "outcome": "",
                    "task_key": "Ingest_GCS_Arxiv_Extract_PDF_Text"
                  }
                ],
                "description": "",
                "email_notifications": [
                  {
                    "alert_on_last_attempt": false,
                    "no_alert_for_skipped_runs": false,
                    "on_duration_warning_threshold_exceeded": [],
                    "on_failure": [],
                    "on_start": [],
                    "on_success": []
                  }
                ],
                "existing_cluster_id": "1119-060516-zdtvb3k2",
                "health": [],
                "job_cluster_key": "",
                "library": [
                  {
                    "cran": [],
                    "egg": "",
                    "jar": "",
                    "maven": [],
                    "pypi": [],
                    "whl": "dbfs:/xiaohan-test/mosaicml_byod-0.0.1-py3-none-any.whl"
                  }
                ],
                "max_retries": 0,
                "min_retry_interval_millis": 0,
                "new_cluster": [],
                "notebook_task": [
                  {
                    "base_parameters": {},
                    "notebook_path": "/Users/xiaohan.zhang@databricks.com/.bundle/byod/dev/files/bundles/c4_arxiv/arxiv/processing",
                    "source": "WORKSPACE"
                  }
                ],
                "notification_settings": [],
                "pipeline_task": [],
                "python_wheel_task": [],
                "retry_on_timeout": false,
                "run_if": "ALL_SUCCESS",
                "run_job_task": [],
                "spark_jar_task": [],
                "spark_python_task": [],
                "spark_submit_task": [],
                "sql_task": [],
                "task_key": "Arxiv_Filter_Tokenization_MDSWrite",
                "timeout_seconds": 0
              },
              {
                "compute_key": "",
                "condition_task": [],
                "dbt_task": [],
                "depends_on": [
                  {
                    "outcome": "",
                    "task_key": "Ingest_C4_from_HuggingFace"
                  }
                ],
                "description": "",
                "email_notifications": [
                  {
                    "alert_on_last_attempt": false,
                    "no_alert_for_skipped_runs": false,
                    "on_duration_warning_threshold_exceeded": [],
                    "on_failure": [],
                    "on_start": [],
                    "on_success": []
                  }
                ],
                "existing_cluster_id": "1119-060516-zdtvb3k2",
                "health": [],
                "job_cluster_key": "",
                "library": [
                  {
                    "cran": [],
                    "egg": "",
                    "jar": "",
                    "maven": [],
                    "pypi": [],
                    "whl": "dbfs:/xiaohan-test/mosaicml_byod-0.0.1-py3-none-any.whl"
                  }
                ],
                "max_retries": 0,
                "min_retry_interval_millis": 0,
                "new_cluster": [],
                "notebook_task": [
                  {
                    "base_parameters": {},
                    "notebook_path": "/Users/xiaohan.zhang@databricks.com/.bundle/byod/dev/files/bundles/c4_arxiv/c4_en/processing",
                    "source": "WORKSPACE"
                  }
                ],
                "notification_settings": [],
                "pipeline_task": [],
                "python_wheel_task": [],
                "retry_on_timeout": false,
                "run_if": "ALL_SUCCESS",
                "run_job_task": [],
                "spark_jar_task": [],
                "spark_python_task": [],
                "spark_submit_task": [],
                "sql_task": [],
                "task_key": "C4_Filter_Tokenization_MDSWrite",
                "timeout_seconds": 0
              },
              {
                "compute_key": "",
                "condition_task": [],
                "dbt_task": [],
                "depends_on": [],
                "description": "",
                "email_notifications": [
                  {
                    "alert_on_last_attempt": false,
                    "no_alert_for_skipped_runs": false,
                    "on_duration_warning_threshold_exceeded": [],
                    "on_failure": [],
                    "on_start": [],
                    "on_success": []
                  }
                ],
                "existing_cluster_id": "1119-060516-zdtvb3k2",
                "health": [],
                "job_cluster_key": "",
                "library": [
                  {
                    "cran": [],
                    "egg": "",
                    "jar": "",
                    "maven": [],
                    "pypi": [],
                    "whl": "dbfs:/xiaohan-test/mosaicml_byod-0.0.1-py3-none-any.whl"
                  }
                ],
                "max_retries": 0,
                "min_retry_interval_millis": 0,
                "new_cluster": [],
                "notebook_task": [
                  {
                    "base_parameters": {
                      "root": "/Volumes/datasets/default/byod/c4/"
                    },
                    "notebook_path": "/Users/xiaohan.zhang@databricks.com/.bundle/byod/dev/files/bundles/c4_arxiv/c4_en/ingestion",
                    "source": "WORKSPACE"
                  }
                ],
                "notification_settings": [],
                "pipeline_task": [],
                "python_wheel_task": [],
                "retry_on_timeout": false,
                "run_if": "ALL_SUCCESS",
                "run_job_task": [],
                "spark_jar_task": [],
                "spark_python_task": [],
                "spark_submit_task": [],
                "sql_task": [],
                "task_key": "Ingest_C4_from_HuggingFace",
                "timeout_seconds": 0
              },
              {
                "compute_key": "",
                "condition_task": [],
                "dbt_task": [],
                "depends_on": [],
                "description": "",
                "email_notifications": [
                  {
                    "alert_on_last_attempt": false,
                    "no_alert_for_skipped_runs": false,
                    "on_duration_warning_threshold_exceeded": [],
                    "on_failure": [],
                    "on_start": [],
                    "on_success": []
                  }
                ],
                "existing_cluster_id": "1119-060516-zdtvb3k2",
                "health": [],
                "job_cluster_key": "",
                "library": [
                  {
                    "cran": [],
                    "egg": "",
                    "jar": "",
                    "maven": [],
                    "pypi": [],
                    "whl": "dbfs:/xiaohan-test/mosaicml_byod-0.0.1-py3-none-any.whl"
                  }
                ],
                "max_retries": 0,
                "min_retry_interval_millis": 0,
                "new_cluster": [],
                "notebook_task": [
                  {
                    "base_parameters": {
                      "root": "/Volumes/datasets/default/byod/arxiv/"
                    },
                    "notebook_path": "/Users/xiaohan.zhang@databricks.com/.bundle/byod/dev/files/bundles/c4_arxiv/arxiv/ingestion",
                    "source": "WORKSPACE"
                  }
                ],
                "notification_settings": [],
                "pipeline_task": [],
                "python_wheel_task": [],
                "retry_on_timeout": false,
                "run_if": "ALL_SUCCESS",
                "run_job_task": [],
                "spark_jar_task": [],
                "spark_python_task": [],
                "spark_submit_task": [],
                "sql_task": [],
                "task_key": "Ingest_GCS_Arxiv_Extract_PDF_Text",
                "timeout_seconds": 0
              },
              {
                "compute_key": "",
                "condition_task": [],
                "dbt_task": [],
                "depends_on": [
                  {
                    "outcome": "",
                    "task_key": "Arxiv_Filter_Tokenization_MDSWrite"
                  },
                  {
                    "outcome": "",
                    "task_key": "C4_Filter_Tokenization_MDSWrite"
                  }
                ],
                "description": "",
                "email_notifications": [
                  {
                    "alert_on_last_attempt": false,
                    "no_alert_for_skipped_runs": false,
                    "on_duration_warning_threshold_exceeded": [],
                    "on_failure": [],
                    "on_start": [],
                    "on_success": []
                  }
                ],
                "existing_cluster_id": "1119-060516-zdtvb3k2",
                "health": [],
                "job_cluster_key": "",
                "library": [
                  {
                    "cran": [],
                    "egg": "",
                    "jar": "",
                    "maven": [],
                    "pypi": [],
                    "whl": "dbfs:/xiaohan-test/mosaicml_byod-0.0.1-py3-none-any.whl"
                  }
                ],
                "max_retries": 0,
                "min_retry_interval_millis": 0,
                "new_cluster": [],
                "notebook_task": [
                  {
                    "base_parameters": {},
                    "notebook_path": "/Users/xiaohan.zhang@databricks.com/.bundle/byod/dev/files/bundles/c4_arxiv/mds_shard_integrity_checks",
                    "source": "WORKSPACE"
                  }
                ],
                "notification_settings": [],
                "pipeline_task": [],
                "python_wheel_task": [],
                "retry_on_timeout": false,
                "run_if": "ALL_SUCCESS",
                "run_job_task": [],
                "spark_jar_task": [],
                "spark_python_task": [],
                "spark_submit_task": [],
                "sql_task": [],
                "task_key": "mds_shard_integrity_check",
                "timeout_seconds": 0
              }
            ],
            "timeout_seconds": 10800,
            "timeouts": null,
            "trigger": [],
            "url": "https://dbc-559ffd80-2bfc.cloud.databricks.com/#job/82602997377219",
            "webhook_notifications": [
              {
                "on_duration_warning_threshold_exceeded": [],
                "on_failure": [],
                "on_start": [],
                "on_success": []
              }
            ]
          },
          "sensitive_attributes": [],
          "private": "eyJlMmJmYjczMC1lY2FhLTExZTYtOGY4OC0zNDM2M2JjN2M0YzAiOnsiY3JlYXRlIjoxODAwMDAwMDAwMDAwLCJ1cGRhdGUiOjE4MDAwMDAwMDAwMDB9LCJzY2hlbWFfdmVyc2lvbiI6IjIifQ=="
        }
      ]
    },
    {
      "mode": "managed",
      "type": "databricks_job",
      "name": "dev_xiaohan_zhang_cpt_poc",
      "provider": "provider[\"registry.terraform.io/databricks/databricks\"]",
      "instances": [
        {
          "schema_version": 2,
          "attributes": {
            "always_running": false,
            "compute": [],
            "continuous": [],
            "control_run_state": false,
            "dbt_task": [],
            "email_notifications": [
              {
                "alert_on_last_attempt": false,
                "no_alert_for_skipped_runs": false,
                "on_duration_warning_threshold_exceeded": [
                  "xiaohan.zhang@databricks.com"
                ],
                "on_failure": [
                  "xiaohan.zhang@databricks.com"
                ],
                "on_start": [
                  "xiaohan.zhang@databricks.com"
                ],
                "on_success": [
                  "xiaohan.zhang@databricks.com"
                ]
              }
            ],
            "existing_cluster_id": null,
            "format": "MULTI_TASK",
            "git_source": [],
            "health": [
              {
                "rules": [
                  {
                    "metric": "RUN_DURATION_SECONDS",
                    "op": "GREATER_THAN",
                    "value": 7200
                  }
                ]
              }
            ],
            "id": "394898814729827",
            "job_cluster": [],
            "library": [],
            "max_concurrent_runs": 4,
            "max_retries": 0,
            "min_retry_interval_millis": 0,
            "name": "[dev xiaohan_zhang] cpt_poc_1150",
            "new_cluster": [],
            "notebook_task": [],
            "notification_settings": [],
            "parameter": [],
            "pipeline_task": [],
            "python_wheel_task": [],
            "queue": [],
            "retry_on_timeout": false,
            "run_as": [],
            "run_job_task": [],
            "schedule": [
              {
                "pause_status": "PAUSED",
                "quartz_cron_expression": "50 0 0 1 * ?",
                "timezone_id": "UTC"
              }
            ],
            "spark_jar_task": [],
            "spark_python_task": [],
            "spark_submit_task": [],
            "tags": {
              "dev": "Xiaohan Zhang"
            },
            "task": [
              {
                "compute_key": "",
                "condition_task": [],
                "dbt_task": [],
                "depends_on": [],
                "description": "",
                "email_notifications": [
                  {
                    "alert_on_last_attempt": false,
                    "no_alert_for_skipped_runs": false,
                    "on_duration_warning_threshold_exceeded": [],
                    "on_failure": [],
                    "on_start": [],
                    "on_success": []
                  }
                ],
                "existing_cluster_id": "1119-060516-zdtvb3k2",
                "health": [],
                "job_cluster_key": "",
                "library": [],
                "max_retries": 0,
                "min_retry_interval_millis": 0,
                "new_cluster": [],
                "notebook_task": [
                  {
                    "base_parameters": {
                      "concat_tokens": "1024",
                      "input_folder": "/Volumes/datasets/default/byod/cpt_poc/input/",
                      "output_folder": "/Volumes/datasets/default/byod/cpt_poc/output/",
                      "tokenizer": "EleutherAI/gpt-neox-20b"
                    },
                    "notebook_path": "/Users/xiaohan.zhang@databricks.com/.bundle/byod/dev/files/bundles/ft_data_prep/convert_text_to_mds",
                    "source": "WORKSPACE"
                  }
                ],
                "notification_settings": [],
                "pipeline_task": [],
                "python_wheel_task": [],
                "retry_on_timeout": false,
                "run_if": "ALL_SUCCESS",
                "run_job_task": [],
                "spark_jar_task": [],
                "spark_python_task": [],
                "spark_submit_task": [],
                "sql_task": [],
                "task_key": "cpt_data_prep",
                "timeout_seconds": 0
              }
            ],
            "timeout_seconds": 10800,
            "timeouts": null,
            "trigger": [],
            "url": "https://dbc-559ffd80-2bfc.cloud.databricks.com/#job/394898814729827",
            "webhook_notifications": [
              {
                "on_duration_warning_threshold_exceeded": [],
                "on_failure": [],
                "on_start": [],
                "on_success": []
              }
            ]
          },
          "sensitive_attributes": [],
          "private": "eyJlMmJmYjczMC1lY2FhLTExZTYtOGY4OC0zNDM2M2JjN2M0YzAiOnsiY3JlYXRlIjoxODAwMDAwMDAwMDAwLCJ1cGRhdGUiOjE4MDAwMDAwMDAwMDB9LCJzY2hlbWFfdmVyc2lvbiI6IjIifQ=="
        }
      ]
    },
    {
      "mode": "managed",
      "type": "databricks_job",
      "name": "test_run",
      "provider": "provider[\"registry.terraform.io/databricks/databricks\"]",
      "instances": [
        {
          "schema_version": 2,
          "attributes": {
            "always_running": false,
            "compute": [],
            "continuous": [],
            "control_run_state": false,
            "dbt_task": [],
            "email_notifications": [
              {
                "alert_on_last_attempt": false,
                "no_alert_for_skipped_runs": false,
                "on_duration_warning_threshold_exceeded": [
                  "xiaohan.zhang@databricks.com"
                ],
                "on_failure": [
                  "xiaohan.zhang@databricks.com"
                ],
                "on_start": [
                  "xiaohan.zhang@databricks.com"
                ],
                "on_success": [
                  "xiaohan.zhang@databricks.com"
                ]
              }
            ],
            "existing_cluster_id": null,
            "format": "MULTI_TASK",
            "git_source": [],
            "health": [
              {
                "rules": [
                  {
                    "metric": "RUN_DURATION_SECONDS",
                    "op": "GREATER_THAN",
                    "value": 7200
                  }
                ]
              }
            ],
            "id": "231811132557096",
            "job_cluster": [],
            "library": [],
            "max_concurrent_runs": 4,
            "max_retries": 0,
            "min_retry_interval_millis": 0,
            "name": "[dev xiaohan_zhang] cpt_poc_1150",
            "new_cluster": [],
            "notebook_task": [],
            "notification_settings": [],
            "parameter": [],
            "pipeline_task": [],
            "python_wheel_task": [],
            "queue": [],
            "retry_on_timeout": false,
            "run_as": [],
            "run_job_task": [],
            "schedule": [
              {
                "pause_status": "PAUSED",
                "quartz_cron_expression": "50 0 0 1 * ?",
                "timezone_id": "UTC"
              }
            ],
            "spark_jar_task": [],
            "spark_python_task": [],
            "spark_submit_task": [],
            "tags": {
              "dev": "Xiaohan Zhang"
            },
            "task": [
              {
                "compute_key": "",
                "condition_task": [],
                "dbt_task": [],
                "depends_on": [],
                "description": "",
                "email_notifications": [
                  {
                    "alert_on_last_attempt": false,
                    "no_alert_for_skipped_runs": false,
                    "on_duration_warning_threshold_exceeded": [],
                    "on_failure": [],
                    "on_start": [],
                    "on_success": []
                  }
                ],
                "existing_cluster_id": "1119-060516-zdtvb3k2",
                "health": [],
                "job_cluster_key": "",
                "library": [],
                "max_retries": 0,
                "min_retry_interval_millis": 0,
                "new_cluster": [],
                "notebook_task": [
                  {
                    "base_parameters": {
                      "concat_tokens": "1024",
                      "input_folder": "/Volumes/datasets/default/byod/cpt_poc/input/",
                      "output_folder": "/Volumes/datasets/default/byod/cpt_poc/output/",
                      "tokenizer": "neox"
                    },
                    "notebook_path": "/Users/xiaohan.zhang@databricks.com/.bundle/byod/dev/files/bundles/test_run/convert_text_to_mds",
                    "source": "WORKSPACE"
                  }
                ],
                "notification_settings": [],
                "pipeline_task": [],
                "python_wheel_task": [],
                "retry_on_timeout": false,
                "run_if": "ALL_SUCCESS",
                "run_job_task": [],
                "spark_jar_task": [],
                "spark_python_task": [],
                "spark_submit_task": [],
                "sql_task": [],
                "task_key": "cpt_data_prep",
                "timeout_seconds": 0
              }
            ],
            "timeout_seconds": 10800,
            "timeouts": null,
            "trigger": [],
            "url": "https://dbc-559ffd80-2bfc.cloud.databricks.com/#job/231811132557096",
            "webhook_notifications": [
              {
                "on_duration_warning_threshold_exceeded": [],
                "on_failure": [],
                "on_start": [],
                "on_success": []
              }
            ]
          },
          "sensitive_attributes": [],
          "private": "eyJlMmJmYjczMC1lY2FhLTExZTYtOGY4OC0zNDM2M2JjN2M0YzAiOnsiY3JlYXRlIjoxODAwMDAwMDAwMDAwLCJ1cGRhdGUiOjE4MDAwMDAwMDAwMDB9LCJzY2hlbWFfdmVyc2lvbiI6IjIifQ=="
        }
      ]
    }
  ],
  "check_results": null
}
